
Microsoft Visual Studio Solution File, Format Version 12.00
# Visual Studio Version 17
VisualStudioVersion = 17.5.002.0
MinimumVisualStudioVersion = 10.0.40219.1
Project("{9A19103F-16F7-4668-BE54-9A1E7A4F7556}") = "SmartSchool", "SmartSchool.csproj", "{26E2149E-9324-4CD9-B1C1-A459264A752D}"
EndProject
Global
	GlobalSection(SolutionConfigurationPlatforms) = preSolution
		Debug|Any CPU = Debug|Any CPU
		Release|Any CPU = Release|Any CPU
	EndGlobalSection
	GlobalSection(ProjectConfigurationPlatforms) = postSolution
		{26E2149E-9324-4CD9-B1C1-A459264A752D}.Debug|Any CPU.ActiveCfg = Debug|Any CPU
		{26E2149E-9324-4CD9-B1C1-A459264A752D}.Debug|Any CPU.Build.0 = Debug|Any CPU
		{26E2149E-9324-4CD9-B1C1-A459264A752D}.Release|Any CPU.ActiveCfg = Release|Any CPU
		{26E2149E-9324-4CD9-B1C1-A459264A752D}.Release|Any CPU.Build.0 = Release|Any CPU
	EndGlobalSection
	GlobalSection(SolutionProperties) = preSolution
		HideSolutionNode = FALSE
	EndGlobalSection
	GlobalSection(ExtensibilityGlobals) = postSolution
		SolutionGuid = {4BF3D618-843C-4972-A04B-6F2A95609803}
	EndGlobalSection
EndGlobal
